
Microsoft Visual Studio Solution File, Format Version 12.00
# Visual Studio Version 17
VisualStudioVersion = 17.8.34408.163
MinimumVisualStudioVersion = 10.0.40219.1
Project("{9A19103F-16F7-4668-BE54-9A1E7A4F7556}") = "MeshCullerForSource2", "MeshCullerForSource2\MeshCullerForSource2.csproj", "{3A5682D9-874E-481C-9D57-120568D659DD}"
EndProject
Project("{8BC9CEB8-8B4A-11D0-8D11-00A0C91BC942}") = "MeshCullerBackend", "MeshCullerBackend\MeshCullerBackend.vcxproj", "{5B2E1E3B-DDDB-4086-9BB3-CA3A7D81D8AF}"
EndProject
Global
	GlobalSection(SolutionConfigurationPlatforms) = preSolution
		Debug|x64 = Debug|x64
		Release|x64 = Release|x64
	EndGlobalSection
	GlobalSection(ProjectConfigurationPlatforms) = postSolution
		{3A5682D9-874E-481C-9D57-120568D659DD}.Debug|x64.ActiveCfg = Debug|Any CPU
		{3A5682D9-874E-481C-9D57-120568D659DD}.Debug|x64.Build.0 = Debug|Any CPU
		{3A5682D9-874E-481C-9D57-120568D659DD}.Release|x64.ActiveCfg = Release|Any CPU
		{3A5682D9-874E-481C-9D57-120568D659DD}.Release|x64.Build.0 = Release|Any CPU
		{5B2E1E3B-DDDB-4086-9BB3-CA3A7D81D8AF}.Debug|x64.ActiveCfg = Debug|x64
		{5B2E1E3B-DDDB-4086-9BB3-CA3A7D81D8AF}.Debug|x64.Build.0 = Debug|x64
		{5B2E1E3B-DDDB-4086-9BB3-CA3A7D81D8AF}.Release|x64.ActiveCfg = Release|x64
		{5B2E1E3B-DDDB-4086-9BB3-CA3A7D81D8AF}.Release|x64.Build.0 = Release|x64
	EndGlobalSection
	GlobalSection(SolutionProperties) = preSolution
		HideSolutionNode = FALSE
	EndGlobalSection
	GlobalSection(ExtensibilityGlobals) = postSolution
		SolutionGuid = {F31F90AD-47C0-486F-9330-2F36F0CC6375}
	EndGlobalSection
EndGlobal
